schema: '2.0'
stages:
  data_ingestion:
    cmd: python src\data\data_ingestion.py
    deps:
    - path: src\data\data_ingestion.py
      hash: md5
      md5: 5543e67b98b301f6e3af50c50aad6b90
      size: 635
    params:
      params.yaml:
        data_ingestion.test_size: 0.4
    outs:
    - path: data\raw\test.csv
      hash: md5
      md5: 35b06980c6e00772e6bf783ae10ab9b7
      size: 164174
    - path: data\raw\train.csv
      hash: md5
      md5: a2aa88dfae8af3dc60e6e24a09304f4e
      size: 663799
  data_preprocessing:
    cmd: python src\data\data_preprocessing.py
    deps:
    - path: data\raw\test.csv
      hash: md5
      md5: 35b06980c6e00772e6bf783ae10ab9b7
      size: 164174
    - path: data\raw\train.csv
      hash: md5
      md5: a2aa88dfae8af3dc60e6e24a09304f4e
      size: 663799
    - path: src\data\data_preprocessing.py
      hash: md5
      md5: ab8d5dcf9376a4fcd1ce762a7cc61d5c
      size: 3186
    outs:
    - path: data\processed\test.csv
      hash: md5
      md5: 870497ce96052cddf73c1a13036432ef
      size: 112656
    - path: data\processed\train.csv
      hash: md5
      md5: 637f3709b44460480d998aff20ae7a5e
      size: 453554
  feature_engg:
    cmd: python src/features/feature_engg.py
    deps:
    - path: data/processed/test.csv
      hash: md5
      md5: 870497ce96052cddf73c1a13036432ef
      size: 112656
    - path: data/processed/train.csv
      hash: md5
      md5: 637f3709b44460480d998aff20ae7a5e
      size: 453554
    - path: src/features/feature_engg.py
      hash: md5
      md5: ccfacea1df407055c622a243d5b09eed
      size: 2923
    params:
      params.yaml:
        feature_engg.max_features: 2000
    outs:
    - path: data/interim/test_tfidf.csv
      hash: md5
      md5: e6b655972a5e800084f9dbe49cc813e1
      size: 16793878
    - path: data/interim/train_tfidf.csv
      hash: md5
      md5: d06a286dbe0f593574489bad3ce94c62
      size: 67194883
  modelling:
    cmd: python src/models/modelling.py
    deps:
    - path: data/interim/train_bow.csv
      hash: md5
      md5: 51f7669e901799edc4fa549a83043316
      size: 236333064
    - path: src/models/modelling.py
      hash: md5
      md5: 58b0c1e903160595b160f03c4e2bf438
      size: 428
    params:
      params.yaml:
        modelling.max_depth: 10
        modelling.n_estimators: 100
    outs:
    - path: models/random_forest_model.pkl
      hash: md5
      md5: 1ce67ed3bf56e6d7f5d270cf31633b54
      size: 396787
  model_evaluation:
    cmd: python src/models/model_evaluation.py
    deps:
    - path: data/interim/test_tfidf.csv
      hash: md5
      md5: e6b655972a5e800084f9dbe49cc813e1
      size: 16793878
    - path: models/random_forest_model.pkl
      hash: md5
      md5: 161e97bf778434c7142b453820e0527c
      size: 903011
    - path: src/models/model_evaluation.py
      hash: md5
      md5: 7ffec3616fb81003c4772a31ea395d63
      size: 2827
    outs:
    - path: reports/metrics.json
      hash: md5
      md5: c713d94fb1d3e3e8dcc9fa93af485939
      size: 149
  model_training:
    cmd: python src/models/modelling.py
    deps:
    - path: data/interim/test_tfidf.csv
      hash: md5
      md5: e6b655972a5e800084f9dbe49cc813e1
      size: 16793878
    - path: data/interim/train_tfidf.csv
      hash: md5
      md5: d06a286dbe0f593574489bad3ce94c62
      size: 67194883
    - path: src/models/modelling.py
      hash: md5
      md5: d1f5bdcbef7542c7d25d0d23409ad630
      size: 688
    params:
      params.yaml:
        modelling.max_depth: 10
        modelling.n_estimators: 100
    outs:
    - path: models/random_forest_model.pkl
      hash: md5
      md5: 161e97bf778434c7142b453820e0527c
      size: 903011
